
Microsoft Visual Studio Solution File, Format Version 12.00
# Visual Studio Version 17
VisualStudioVersion = 17.9.34714.143
MinimumVisualStudioVersion = 10.0.40219.1
Project("{FAE04EC0-301F-11D3-BF4B-00C04F79EFBC}") = "ProyectoFakeBook", "ProyectoFakeBook\ProyectoFakeBook.csproj", "{B5206758-DAA4-4337-B341-2BE42D4B18D3}"
EndProject
Global
	GlobalSection(SolutionConfigurationPlatforms) = preSolution
		Debug|Any CPU = Debug|Any CPU
		Release|Any CPU = Release|Any CPU
	EndGlobalSection
	GlobalSection(ProjectConfigurationPlatforms) = postSolution
		{B5206758-DAA4-4337-B341-2BE42D4B18D3}.Debug|Any CPU.ActiveCfg = Debug|Any CPU
		{B5206758-DAA4-4337-B341-2BE42D4B18D3}.Debug|Any CPU.Build.0 = Debug|Any CPU
		{B5206758-DAA4-4337-B341-2BE42D4B18D3}.Release|Any CPU.ActiveCfg = Release|Any CPU
		{B5206758-DAA4-4337-B341-2BE42D4B18D3}.Release|Any CPU.Build.0 = Release|Any CPU
	EndGlobalSection
	GlobalSection(SolutionProperties) = preSolution
		HideSolutionNode = FALSE
	EndGlobalSection
	GlobalSection(ExtensibilityGlobals) = postSolution
		SolutionGuid = {E5D3BDC6-E868-4DBD-A509-A9526855A5AC}
	EndGlobalSection
EndGlobal
